
Microsoft Visual Studio Solution File, Format Version 12.00
# Visual Studio 15
VisualStudioVersion = 15.0.28010.2019
MinimumVisualStudioVersion = 10.0.40219.1
Project("{FAE04EC0-301F-11D3-BF4B-00C04F79EFBC}") = "SwiatZwierzat", "SwiatZwierzat\SwiatZwierzat.csproj", "{BF785CF5-D87F-4D59-B9A8-44395663718C}"
EndProject
Global
	GlobalSection(SolutionConfigurationPlatforms) = preSolution
		Debug|Any CPU = Debug|Any CPU
		Release|Any CPU = Release|Any CPU
	EndGlobalSection
	GlobalSection(ProjectConfigurationPlatforms) = postSolution
		{BF785CF5-D87F-4D59-B9A8-44395663718C}.Debug|Any CPU.ActiveCfg = Debug|Any CPU
		{BF785CF5-D87F-4D59-B9A8-44395663718C}.Debug|Any CPU.Build.0 = Debug|Any CPU
		{BF785CF5-D87F-4D59-B9A8-44395663718C}.Release|Any CPU.ActiveCfg = Release|Any CPU
		{BF785CF5-D87F-4D59-B9A8-44395663718C}.Release|Any CPU.Build.0 = Release|Any CPU
	EndGlobalSection
	GlobalSection(SolutionProperties) = preSolution
		HideSolutionNode = FALSE
	EndGlobalSection
	GlobalSection(ExtensibilityGlobals) = postSolution
		SolutionGuid = {395DDE16-6DC6-4C04-B996-C3CF2A0BB6A6}
	EndGlobalSection
EndGlobal
